
Microsoft Visual Studio Solution File, Format Version 12.00
# Visual Studio Version 17
VisualStudioVersion = 17.13.35825.156 d17.13
MinimumVisualStudioVersion = 10.0.40219.1
Project("{FAE04EC0-301F-11D3-BF4B-00C04F79EFBC}") = "MojProjekt", "MojProjekt\MojProjekt.csproj", "{F7D1D3F7-6FAE-407F-BC6C-A35D26B15F3B}"
EndProject
Global
	GlobalSection(SolutionConfigurationPlatforms) = preSolution
		Debug|Any CPU = Debug|Any CPU
		Release|Any CPU = Release|Any CPU
	EndGlobalSection
	GlobalSection(ProjectConfigurationPlatforms) = postSolution
		{F7D1D3F7-6FAE-407F-BC6C-A35D26B15F3B}.Debug|Any CPU.ActiveCfg = Debug|Any CPU
		{F7D1D3F7-6FAE-407F-BC6C-A35D26B15F3B}.Debug|Any CPU.Build.0 = Debug|Any CPU
		{F7D1D3F7-6FAE-407F-BC6C-A35D26B15F3B}.Release|Any CPU.ActiveCfg = Release|Any CPU
		{F7D1D3F7-6FAE-407F-BC6C-A35D26B15F3B}.Release|Any CPU.Build.0 = Release|Any CPU
	EndGlobalSection
	GlobalSection(SolutionProperties) = preSolution
		HideSolutionNode = FALSE
	EndGlobalSection
	GlobalSection(ExtensibilityGlobals) = postSolution
		SolutionGuid = {C8165608-A9C5-4978-986E-CE5B885B5080}
	EndGlobalSection
EndGlobal
